
Microsoft Visual Studio Solution File, Format Version 12.00
# Visual Studio 15
VisualStudioVersion = 15.0.26124.0
MinimumVisualStudioVersion = 15.0.26124.0
Project("{FAE04EC0-301F-11D3-BF4B-00C04F79EFBC}") = "SocialMedia.Api", "SocialMedia.Api\SocialMedia.Api.csproj", "{FAD51CFC-4047-45A9-9180-C82398C11C4B}"
EndProject
Project("{FAE04EC0-301F-11D3-BF4B-00C04F79EFBC}") = "SocialMedia.Core", "SocialMedia.Core\SocialMedia.Core.csproj", "{9F096D70-1954-4D13-A4DD-63703DEAD687}"
EndProject
Project("{FAE04EC0-301F-11D3-BF4B-00C04F79EFBC}") = "SocialMedia.Infrastructure", "SocialMedia.Infrastructure\SocialMedia.Infrastructure.csproj", "{4C4850FC-FFE1-4D0B-9DC1-E22A8691B493}"
EndProject
Global
	GlobalSection(SolutionConfigurationPlatforms) = preSolution
		Debug|Any CPU = Debug|Any CPU
		Debug|x64 = Debug|x64
		Debug|x86 = Debug|x86
		Release|Any CPU = Release|Any CPU
		Release|x64 = Release|x64
		Release|x86 = Release|x86
	EndGlobalSection
	GlobalSection(SolutionProperties) = preSolution
		HideSolutionNode = FALSE
	EndGlobalSection
	GlobalSection(ProjectConfigurationPlatforms) = postSolution
		{FAD51CFC-4047-45A9-9180-C82398C11C4B}.Debug|Any CPU.ActiveCfg = Debug|Any CPU
		{FAD51CFC-4047-45A9-9180-C82398C11C4B}.Debug|Any CPU.Build.0 = Debug|Any CPU
		{FAD51CFC-4047-45A9-9180-C82398C11C4B}.Debug|x64.ActiveCfg = Debug|Any CPU
		{FAD51CFC-4047-45A9-9180-C82398C11C4B}.Debug|x64.Build.0 = Debug|Any CPU
		{FAD51CFC-4047-45A9-9180-C82398C11C4B}.Debug|x86.ActiveCfg = Debug|Any CPU
		{FAD51CFC-4047-45A9-9180-C82398C11C4B}.Debug|x86.Build.0 = Debug|Any CPU
		{FAD51CFC-4047-45A9-9180-C82398C11C4B}.Release|Any CPU.ActiveCfg = Release|Any CPU
		{FAD51CFC-4047-45A9-9180-C82398C11C4B}.Release|Any CPU.Build.0 = Release|Any CPU
		{FAD51CFC-4047-45A9-9180-C82398C11C4B}.Release|x64.ActiveCfg = Release|Any CPU
		{FAD51CFC-4047-45A9-9180-C82398C11C4B}.Release|x64.Build.0 = Release|Any CPU
		{FAD51CFC-4047-45A9-9180-C82398C11C4B}.Release|x86.ActiveCfg = Release|Any CPU
		{FAD51CFC-4047-45A9-9180-C82398C11C4B}.Release|x86.Build.0 = Release|Any CPU
		{9F096D70-1954-4D13-A4DD-63703DEAD687}.Debug|Any CPU.ActiveCfg = Debug|Any CPU
		{9F096D70-1954-4D13-A4DD-63703DEAD687}.Debug|Any CPU.Build.0 = Debug|Any CPU
		{9F096D70-1954-4D13-A4DD-63703DEAD687}.Debug|x64.ActiveCfg = Debug|Any CPU
		{9F096D70-1954-4D13-A4DD-63703DEAD687}.Debug|x64.Build.0 = Debug|Any CPU
		{9F096D70-1954-4D13-A4DD-63703DEAD687}.Debug|x86.ActiveCfg = Debug|Any CPU
		{9F096D70-1954-4D13-A4DD-63703DEAD687}.Debug|x86.Build.0 = Debug|Any CPU
		{9F096D70-1954-4D13-A4DD-63703DEAD687}.Release|Any CPU.ActiveCfg = Release|Any CPU
		{9F096D70-1954-4D13-A4DD-63703DEAD687}.Release|Any CPU.Build.0 = Release|Any CPU
		{9F096D70-1954-4D13-A4DD-63703DEAD687}.Release|x64.ActiveCfg = Release|Any CPU
		{9F096D70-1954-4D13-A4DD-63703DEAD687}.Release|x64.Build.0 = Release|Any CPU
		{9F096D70-1954-4D13-A4DD-63703DEAD687}.Release|x86.ActiveCfg = Release|Any CPU
		{9F096D70-1954-4D13-A4DD-63703DEAD687}.Release|x86.Build.0 = Release|Any CPU
		{4C4850FC-FFE1-4D0B-9DC1-E22A8691B493}.Debug|Any CPU.ActiveCfg = Debug|Any CPU
		{4C4850FC-FFE1-4D0B-9DC1-E22A8691B493}.Debug|Any CPU.Build.0 = Debug|Any CPU
		{4C4850FC-FFE1-4D0B-9DC1-E22A8691B493}.Debug|x64.ActiveCfg = Debug|Any CPU
		{4C4850FC-FFE1-4D0B-9DC1-E22A8691B493}.Debug|x64.Build.0 = Debug|Any CPU
		{4C4850FC-FFE1-4D0B-9DC1-E22A8691B493}.Debug|x86.ActiveCfg = Debug|Any CPU
		{4C4850FC-FFE1-4D0B-9DC1-E22A8691B493}.Debug|x86.Build.0 = Debug|Any CPU
		{4C4850FC-FFE1-4D0B-9DC1-E22A8691B493}.Release|Any CPU.ActiveCfg = Release|Any CPU
		{4C4850FC-FFE1-4D0B-9DC1-E22A8691B493}.Release|Any CPU.Build.0 = Release|Any CPU
		{4C4850FC-FFE1-4D0B-9DC1-E22A8691B493}.Release|x64.ActiveCfg = Release|Any CPU
		{4C4850FC-FFE1-4D0B-9DC1-E22A8691B493}.Release|x64.Build.0 = Release|Any CPU
		{4C4850FC-FFE1-4D0B-9DC1-E22A8691B493}.Release|x86.ActiveCfg = Release|Any CPU
		{4C4850FC-FFE1-4D0B-9DC1-E22A8691B493}.Release|x86.Build.0 = Release|Any CPU
	EndGlobalSection
EndGlobal
